Microsoft Visual Studio Solution File, Format Version 12.00
# Visual Studio Version 17
VisualStudioVersion = 17.5.2.0
MinimumVisualStudioVersion = 10.0.40219.1
Project("{FAE04EC0-301F-11D3-BF4B-00C04F79EFBC}") = "IceCream", "IceCream.csproj", "{22D76BD5-B400-F48A-AC2F-7288F1EE395E}"
EndProject
Global
	GlobalSection(SolutionConfigurationPlatforms) = preSolution
		Debug|Any CPU = Debug|Any CPU
		Release|Any CPU = Release|Any CPU
	EndGlobalSection
	GlobalSection(ProjectConfigurationPlatforms) = postSolution
		{22D76BD5-B400-F48A-AC2F-7288F1EE395E}.Debug|Any CPU.ActiveCfg = Debug|Any CPU
		{22D76BD5-B400-F48A-AC2F-7288F1EE395E}.Debug|Any CPU.Build.0 = Debug|Any CPU
		{22D76BD5-B400-F48A-AC2F-7288F1EE395E}.Release|Any CPU.ActiveCfg = Release|Any CPU
		{22D76BD5-B400-F48A-AC2F-7288F1EE395E}.Release|Any CPU.Build.0 = Release|Any CPU
	EndGlobalSection
	GlobalSection(SolutionProperties) = preSolution
		HideSolutionNode = FALSE
	EndGlobalSection
	GlobalSection(ExtensibilityGlobals) = postSolution
		SolutionGuid = {D6D32823-D5A6-437B-BFF1-5D4F70753D56}
	EndGlobalSection
EndGlobal
